
Microsoft Visual Studio Solution File, Format Version 12.00
# Visual Studio Version 17
VisualStudioVersion = 17.0.32126.317
MinimumVisualStudioVersion = 10.0.40219.1
Project("{FAE04EC0-301F-11D3-BF4B-00C04F79EFBC}") = "ProductReviewManagement", "ProductReviewManagement\ProductReviewManagement.csproj", "{4FDE53FA-631A-4058-A100-7142C88B1B05}"
EndProject
Global
	GlobalSection(SolutionConfigurationPlatforms) = preSolution
		Debug|Any CPU = Debug|Any CPU
		Release|Any CPU = Release|Any CPU
	EndGlobalSection
	GlobalSection(ProjectConfigurationPlatforms) = postSolution
		{4FDE53FA-631A-4058-A100-7142C88B1B05}.Debug|Any CPU.ActiveCfg = Debug|Any CPU
		{4FDE53FA-631A-4058-A100-7142C88B1B05}.Debug|Any CPU.Build.0 = Debug|Any CPU
		{4FDE53FA-631A-4058-A100-7142C88B1B05}.Release|Any CPU.ActiveCfg = Release|Any CPU
		{4FDE53FA-631A-4058-A100-7142C88B1B05}.Release|Any CPU.Build.0 = Release|Any CPU
	EndGlobalSection
	GlobalSection(SolutionProperties) = preSolution
		HideSolutionNode = FALSE
	EndGlobalSection
	GlobalSection(ExtensibilityGlobals) = postSolution
		SolutionGuid = {2D22BF7A-D3DD-4F17-A5C7-30D763770EF6}
	EndGlobalSection
EndGlobal
